
Microsoft Visual Studio Solution File, Format Version 12.00
Project("{2150E333-8FDC-42A3-9474-1A3956D46DE8}") = "Core", "Core", "{23405AD4-E647-4C1B-807A-34BFAC2D9FB5}"
EndProject
Project("{2150E333-8FDC-42A3-9474-1A3956D46DE8}") = "Hosts", "Hosts", "{BDBC8B11-1BED-4103-9FEE-40A4C8921800}"
EndProject
Project("{2150E333-8FDC-42A3-9474-1A3956D46DE8}") = "Modules", "Modules", "{F98F4C5D-D54F-4D0E-9911-5BB4656E8AF6}"
EndProject
Project("{FAE04EC0-301F-11D3-BF4B-00C04F79EFBC}") = "HenBot.Core", "src\Core\HenBot.Core\HenBot.Core.csproj", "{DFC0D48D-2A4B-4E34-B13A-2874BF0504B7}"
EndProject
Project("{FAE04EC0-301F-11D3-BF4B-00C04F79EFBC}") = "HenBot.Modules.Genshin", "src\Modules\HenBot.Modules.Genshin\HenBot.Modules.Genshin.csproj", "{D2B6409B-31E2-40CC-9EBB-9E8C2A1C0613}"
EndProject
Project("{FAE04EC0-301F-11D3-BF4B-00C04F79EFBC}") = "HenBot.Modules.Vk", "src\Modules\HenBot.Modules.Vk\HenBot.Modules.Vk.csproj", "{513C8ED2-64C6-441D-8462-344EEEDEB5A4}"
EndProject
Project("{FAE04EC0-301F-11D3-BF4B-00C04F79EFBC}") = "HenBot.Hosts.Console", "src\Hosts\HenBot.Hosts.Console\HenBot.Hosts.Console.csproj", "{8E32C1FA-4780-41A2-B326-8B17F798214D}"
EndProject
Global
	GlobalSection(SolutionConfigurationPlatforms) = preSolution
		Debug|Any CPU = Debug|Any CPU
		Release|Any CPU = Release|Any CPU
	EndGlobalSection
	GlobalSection(NestedProjects) = preSolution
		{DFC0D48D-2A4B-4E34-B13A-2874BF0504B7} = {23405AD4-E647-4C1B-807A-34BFAC2D9FB5}
		{D2B6409B-31E2-40CC-9EBB-9E8C2A1C0613} = {F98F4C5D-D54F-4D0E-9911-5BB4656E8AF6}
		{513C8ED2-64C6-441D-8462-344EEEDEB5A4} = {F98F4C5D-D54F-4D0E-9911-5BB4656E8AF6}
		{8E32C1FA-4780-41A2-B326-8B17F798214D} = {BDBC8B11-1BED-4103-9FEE-40A4C8921800}
	EndGlobalSection
	GlobalSection(ProjectConfigurationPlatforms) = postSolution
		{DFC0D48D-2A4B-4E34-B13A-2874BF0504B7}.Debug|Any CPU.ActiveCfg = Debug|Any CPU
		{DFC0D48D-2A4B-4E34-B13A-2874BF0504B7}.Debug|Any CPU.Build.0 = Debug|Any CPU
		{DFC0D48D-2A4B-4E34-B13A-2874BF0504B7}.Release|Any CPU.ActiveCfg = Release|Any CPU
		{DFC0D48D-2A4B-4E34-B13A-2874BF0504B7}.Release|Any CPU.Build.0 = Release|Any CPU
		{D2B6409B-31E2-40CC-9EBB-9E8C2A1C0613}.Debug|Any CPU.ActiveCfg = Debug|Any CPU
		{D2B6409B-31E2-40CC-9EBB-9E8C2A1C0613}.Debug|Any CPU.Build.0 = Debug|Any CPU
		{D2B6409B-31E2-40CC-9EBB-9E8C2A1C0613}.Release|Any CPU.ActiveCfg = Release|Any CPU
		{D2B6409B-31E2-40CC-9EBB-9E8C2A1C0613}.Release|Any CPU.Build.0 = Release|Any CPU
		{513C8ED2-64C6-441D-8462-344EEEDEB5A4}.Debug|Any CPU.ActiveCfg = Debug|Any CPU
		{513C8ED2-64C6-441D-8462-344EEEDEB5A4}.Debug|Any CPU.Build.0 = Debug|Any CPU
		{513C8ED2-64C6-441D-8462-344EEEDEB5A4}.Release|Any CPU.ActiveCfg = Release|Any CPU
		{513C8ED2-64C6-441D-8462-344EEEDEB5A4}.Release|Any CPU.Build.0 = Release|Any CPU
		{8E32C1FA-4780-41A2-B326-8B17F798214D}.Debug|Any CPU.ActiveCfg = Debug|Any CPU
		{8E32C1FA-4780-41A2-B326-8B17F798214D}.Debug|Any CPU.Build.0 = Debug|Any CPU
		{8E32C1FA-4780-41A2-B326-8B17F798214D}.Release|Any CPU.ActiveCfg = Release|Any CPU
		{8E32C1FA-4780-41A2-B326-8B17F798214D}.Release|Any CPU.Build.0 = Release|Any CPU
	EndGlobalSection
EndGlobal
